
Microsoft Visual Studio Solution File, Format Version 12.00
# Visual Studio Version 16
VisualStudioVersion = 16.0.31019.35
MinimumVisualStudioVersion = 10.0.40219.1
Project("{9A19103F-16F7-4668-BE54-9A1E7A4F7556}") = "Arbbet.Connectors.Dal", "Arbbet.Connectors.Dal\Arbbet.Connectors.Dal.csproj", "{C7902ACB-890B-40F8-9E0F-D8BF280614E4}"
EndProject
Project("{9A19103F-16F7-4668-BE54-9A1E7A4F7556}") = "Arbbet.Domain", "Arbbet.Domain\Arbbet.Domain.csproj", "{ABEBE6A8-29A7-4AB2-A40D-B489EC0C843A}"
EndProject
Project("{888888A0-9F3D-457C-B088-3A5042F75D52}") = "Arbbet", "Arbbet\Arbbet.pyproj", "{B3C8EAC6-E848-4BE9-BAE6-C3FB4BBA083C}"
EndProject
Project("{9A19103F-16F7-4668-BE54-9A1E7A4F7556}") = "Arbbet.DataExplorer", "Arbbet.DataExplorer\Arbbet.DataExplorer.csproj", "{01B80B84-4451-4DA0-B138-5DD79D610EDD}"
EndProject
Project("{9A19103F-16F7-4668-BE54-9A1E7A4F7556}") = "Arbbet.Connectors.Unibet", "Arbbet.Connectors.Unibet\Arbbet.Connectors.Unibet.csproj", "{37E42B47-E3F2-4554-974D-6E4BB8B13833}"
EndProject
Project("{9A19103F-16F7-4668-BE54-9A1E7A4F7556}") = "Arbbet.Connectors.Domain", "Arbbet.Connectors.Domain\Arbbet.Connectors.Domain.csproj", "{576A3127-C87A-4174-A450-50A13A9D365E}"
EndProject
Project("{9A19103F-16F7-4668-BE54-9A1E7A4F7556}") = "Arbbet.DataExplorer.Identity", "Arbbet.DataExplorer.Identity\Arbbet.DataExplorer.Identity.csproj", "{188AE371-D177-4B03-8291-689E290677F0}"
EndProject
Project("{2150E333-8FDC-42A3-9474-1A3956D46DE8}") = "09 - Tools", "09 - Tools", "{E3490B2A-FD43-45E6-9F59-E6BEC754CFD2}"
EndProject
Project("{9A19103F-16F7-4668-BE54-9A1E7A4F7556}") = "NGordat.AspNet.Helpers", "NGordat.AspNet.Helpers\NGordat.AspNet.Helpers.csproj", "{ABD9BFB8-63DE-4EB6-BE66-EEF63C55238B}"
EndProject
Project("{9A19103F-16F7-4668-BE54-9A1E7A4F7556}") = "tmp", "tmp\tmp.csproj", "{EDB2A88D-C90F-4D77-B3CE-6E46D68B33DE}"
EndProject
Global
	GlobalSection(SolutionConfigurationPlatforms) = preSolution
		Debug|Any CPU = Debug|Any CPU
		Release|Any CPU = Release|Any CPU
	EndGlobalSection
	GlobalSection(ProjectConfigurationPlatforms) = postSolution
		{C7902ACB-890B-40F8-9E0F-D8BF280614E4}.Debug|Any CPU.ActiveCfg = Debug|Any CPU
		{C7902ACB-890B-40F8-9E0F-D8BF280614E4}.Debug|Any CPU.Build.0 = Debug|Any CPU
		{C7902ACB-890B-40F8-9E0F-D8BF280614E4}.Release|Any CPU.ActiveCfg = Release|Any CPU
		{C7902ACB-890B-40F8-9E0F-D8BF280614E4}.Release|Any CPU.Build.0 = Release|Any CPU
		{ABEBE6A8-29A7-4AB2-A40D-B489EC0C843A}.Debug|Any CPU.ActiveCfg = Debug|Any CPU
		{ABEBE6A8-29A7-4AB2-A40D-B489EC0C843A}.Debug|Any CPU.Build.0 = Debug|Any CPU
		{ABEBE6A8-29A7-4AB2-A40D-B489EC0C843A}.Release|Any CPU.ActiveCfg = Release|Any CPU
		{ABEBE6A8-29A7-4AB2-A40D-B489EC0C843A}.Release|Any CPU.Build.0 = Release|Any CPU
		{B3C8EAC6-E848-4BE9-BAE6-C3FB4BBA083C}.Debug|Any CPU.ActiveCfg = Debug|Any CPU
		{B3C8EAC6-E848-4BE9-BAE6-C3FB4BBA083C}.Release|Any CPU.ActiveCfg = Release|Any CPU
		{01B80B84-4451-4DA0-B138-5DD79D610EDD}.Debug|Any CPU.ActiveCfg = Debug|Any CPU
		{01B80B84-4451-4DA0-B138-5DD79D610EDD}.Debug|Any CPU.Build.0 = Debug|Any CPU
		{01B80B84-4451-4DA0-B138-5DD79D610EDD}.Release|Any CPU.ActiveCfg = Release|Any CPU
		{01B80B84-4451-4DA0-B138-5DD79D610EDD}.Release|Any CPU.Build.0 = Release|Any CPU
		{37E42B47-E3F2-4554-974D-6E4BB8B13833}.Debug|Any CPU.ActiveCfg = Debug|Any CPU
		{37E42B47-E3F2-4554-974D-6E4BB8B13833}.Debug|Any CPU.Build.0 = Debug|Any CPU
		{37E42B47-E3F2-4554-974D-6E4BB8B13833}.Release|Any CPU.ActiveCfg = Release|Any CPU
		{37E42B47-E3F2-4554-974D-6E4BB8B13833}.Release|Any CPU.Build.0 = Release|Any CPU
		{576A3127-C87A-4174-A450-50A13A9D365E}.Debug|Any CPU.ActiveCfg = Debug|Any CPU
		{576A3127-C87A-4174-A450-50A13A9D365E}.Debug|Any CPU.Build.0 = Debug|Any CPU
		{576A3127-C87A-4174-A450-50A13A9D365E}.Release|Any CPU.ActiveCfg = Release|Any CPU
		{576A3127-C87A-4174-A450-50A13A9D365E}.Release|Any CPU.Build.0 = Release|Any CPU
		{188AE371-D177-4B03-8291-689E290677F0}.Debug|Any CPU.ActiveCfg = Debug|Any CPU
		{188AE371-D177-4B03-8291-689E290677F0}.Debug|Any CPU.Build.0 = Debug|Any CPU
		{188AE371-D177-4B03-8291-689E290677F0}.Release|Any CPU.ActiveCfg = Release|Any CPU
		{188AE371-D177-4B03-8291-689E290677F0}.Release|Any CPU.Build.0 = Release|Any CPU
		{ABD9BFB8-63DE-4EB6-BE66-EEF63C55238B}.Debug|Any CPU.ActiveCfg = Debug|Any CPU
		{ABD9BFB8-63DE-4EB6-BE66-EEF63C55238B}.Debug|Any CPU.Build.0 = Debug|Any CPU
		{ABD9BFB8-63DE-4EB6-BE66-EEF63C55238B}.Release|Any CPU.ActiveCfg = Release|Any CPU
		{ABD9BFB8-63DE-4EB6-BE66-EEF63C55238B}.Release|Any CPU.Build.0 = Release|Any CPU
		{EDB2A88D-C90F-4D77-B3CE-6E46D68B33DE}.Debug|Any CPU.ActiveCfg = Debug|Any CPU
		{EDB2A88D-C90F-4D77-B3CE-6E46D68B33DE}.Debug|Any CPU.Build.0 = Debug|Any CPU
		{EDB2A88D-C90F-4D77-B3CE-6E46D68B33DE}.Release|Any CPU.ActiveCfg = Release|Any CPU
		{EDB2A88D-C90F-4D77-B3CE-6E46D68B33DE}.Release|Any CPU.Build.0 = Release|Any CPU
	EndGlobalSection
	GlobalSection(SolutionProperties) = preSolution
		HideSolutionNode = FALSE
	EndGlobalSection
	GlobalSection(NestedProjects) = preSolution
		{ABD9BFB8-63DE-4EB6-BE66-EEF63C55238B} = {E3490B2A-FD43-45E6-9F59-E6BEC754CFD2}
	EndGlobalSection
	GlobalSection(ExtensibilityGlobals) = postSolution
		SolutionGuid = {1043CE95-D9CE-47E0-A88B-21E9C8248541}
	EndGlobalSection
EndGlobal
