
Microsoft Visual Studio Solution File, Format Version 12.00
# Visual Studio Version 16
VisualStudioVersion = 16.0.31019.35
MinimumVisualStudioVersion = 10.0.40219.1
Project("{888888A0-9F3D-457C-B088-3A5042F75D52}") = "Arbbet.Connectors.Fdj", "Arbbet.Connectors.Fdj\Arbbet.Connectors.Fdj.pyproj", "{F6291E0D-EEEF-4FF1-805D-F76C6B6AE8CB}"
EndProject
Project("{9A19103F-16F7-4668-BE54-9A1E7A4F7556}") = "Arbbet.Connectors.Dal", "Arbbet.Connectors.Dal\Arbbet.Connectors.Dal.csproj", "{C7902ACB-890B-40F8-9E0F-D8BF280614E4}"
EndProject
Project("{9A19103F-16F7-4668-BE54-9A1E7A4F7556}") = "Arbbet.Domain", "Arbbet.Domain\Arbbet.Domain.csproj", "{ABEBE6A8-29A7-4AB2-A40D-B489EC0C843A}"
EndProject
Project("{888888A0-9F3D-457C-B088-3A5042F75D52}") = "Arbbet", "Arbbet\Arbbet.pyproj", "{B3C8EAC6-E848-4BE9-BAE6-C3FB4BBA083C}"
EndProject
Project("{888888A0-9F3D-457C-B088-3A5042F75D52}") = "Arbbet.Connectors.Unibet", "Arbbet.Connectors.Unibet\Arbbet.Connectors.Unibet.pyproj", "{A25B5CBF-FFB4-4605-8927-965749F0EE00}"
EndProject
Project("{FAE04EC0-301F-11D3-BF4B-00C04F79EFBC}") = "Arbbet.DataExplorer", "Arbbet.DataExplorer\Arbbet.DataExplorer.csproj", "{01B80B84-4451-4DA0-B138-5DD79D610EDD}"
EndProject
Global
	GlobalSection(SolutionConfigurationPlatforms) = preSolution
		Debug|Any CPU = Debug|Any CPU
		Release|Any CPU = Release|Any CPU
	EndGlobalSection
	GlobalSection(ProjectConfigurationPlatforms) = postSolution
		{F6291E0D-EEEF-4FF1-805D-F76C6B6AE8CB}.Debug|Any CPU.ActiveCfg = Debug|Any CPU
		{F6291E0D-EEEF-4FF1-805D-F76C6B6AE8CB}.Release|Any CPU.ActiveCfg = Release|Any CPU
		{C7902ACB-890B-40F8-9E0F-D8BF280614E4}.Debug|Any CPU.ActiveCfg = Debug|Any CPU
		{C7902ACB-890B-40F8-9E0F-D8BF280614E4}.Debug|Any CPU.Build.0 = Debug|Any CPU
		{C7902ACB-890B-40F8-9E0F-D8BF280614E4}.Release|Any CPU.ActiveCfg = Release|Any CPU
		{C7902ACB-890B-40F8-9E0F-D8BF280614E4}.Release|Any CPU.Build.0 = Release|Any CPU
		{ABEBE6A8-29A7-4AB2-A40D-B489EC0C843A}.Debug|Any CPU.ActiveCfg = Debug|Any CPU
		{ABEBE6A8-29A7-4AB2-A40D-B489EC0C843A}.Debug|Any CPU.Build.0 = Debug|Any CPU
		{ABEBE6A8-29A7-4AB2-A40D-B489EC0C843A}.Release|Any CPU.ActiveCfg = Release|Any CPU
		{ABEBE6A8-29A7-4AB2-A40D-B489EC0C843A}.Release|Any CPU.Build.0 = Release|Any CPU
		{B3C8EAC6-E848-4BE9-BAE6-C3FB4BBA083C}.Debug|Any CPU.ActiveCfg = Debug|Any CPU
		{B3C8EAC6-E848-4BE9-BAE6-C3FB4BBA083C}.Release|Any CPU.ActiveCfg = Release|Any CPU
		{A25B5CBF-FFB4-4605-8927-965749F0EE00}.Debug|Any CPU.ActiveCfg = Debug|Any CPU
		{A25B5CBF-FFB4-4605-8927-965749F0EE00}.Release|Any CPU.ActiveCfg = Release|Any CPU
		{01B80B84-4451-4DA0-B138-5DD79D610EDD}.Debug|Any CPU.ActiveCfg = Debug|Any CPU
		{01B80B84-4451-4DA0-B138-5DD79D610EDD}.Debug|Any CPU.Build.0 = Debug|Any CPU
		{01B80B84-4451-4DA0-B138-5DD79D610EDD}.Release|Any CPU.ActiveCfg = Release|Any CPU
		{01B80B84-4451-4DA0-B138-5DD79D610EDD}.Release|Any CPU.Build.0 = Release|Any CPU
	EndGlobalSection
	GlobalSection(SolutionProperties) = preSolution
		HideSolutionNode = FALSE
	EndGlobalSection
	GlobalSection(ExtensibilityGlobals) = postSolution
		SolutionGuid = {1043CE95-D9CE-47E0-A88B-21E9C8248541}
	EndGlobalSection
EndGlobal
